{
  "lockfileVersion": 1,
  "workspaces": {
    "": {
      "dependencies": {
        "@elgato/streamdeck": "^1.0.0",
        "@types/lodash": "^4.17.20",
        "lodash": "^4.17.21",
      },
      "devDependencies": {
        "@elgato/cli": "^1.5.1",
        "@rollup/plugin-commonjs": "^28.0.0",
        "@rollup/plugin-node-resolve": "^15.2.2",
        "@rollup/plugin-terser": "^0.4.4",
        "@rollup/plugin-typescript": "^12.1.0",
        "@tsconfig/node20": "^20.1.2",
        "@types/node": "~20.15.0",
        "rollup": "^4.0.2",
        "tslib": "^2.6.2",
        "typescript": "^5.2.2",
      },
    },
  },
  "packages": {
    "@elgato/cli": ["@elgato/cli@1.5.1", "", { "dependencies": { "@elgato/schemas": "^0.4.1", "@humanwhocodes/momoa": "^3.0.0", "@zip.js/zip.js": "^2.7.54", "ajv": "^8.17.1", "chalk": "^5.4.1", "commander": "^13.0.0", "ejs": "^3.1.10", "find-process": "^1.4.10", "ignore": "^7.0.3", "inquirer": "^12.3.2", "is-interactive": "^2.0.0", "lodash": "^4.17.21", "log-symbols": "^7.0.0", "rage-edit": "^1.2.0", "semver": "^7.6.3", "tar": "^7.4.3" }, "bin": { "sd": "bin/streamdeck.mjs", "streamdeck": "bin/streamdeck.mjs" } }, "sha512-zVZrZGSJ3EoMxCm0Rx2aNiTmbWmkkt84oty7boY/tymC/71Y7z+ETNSWuZuC/fHkoQMc8golcuNK9UfzPBAbkw=="],

    "@elgato/schemas": ["@elgato/schemas@0.4.10", "", {}, "sha512-JLOryH+H10eEM+cwJigzqWxju3rudfc6ICZ7eJT+WqYkKzYujOnb/jS/SzWVw8ow9tLFd6FegVkZwsHQEmf+Uw=="],

    "@elgato/streamdeck": ["@elgato/streamdeck@1.4.1", "", { "dependencies": { "@elgato/schemas": "^0.4.8", "ws": "^8.18.0" } }, "sha512-nk3TWfSvLrMWR6AhD6DG/pnJhWR6/xzP9elH/VLaiyZ27Nxb1Hu3rPuRty6xE5AZykwf3Auafok016wZSJZ3TA=="],

    "@humanwhocodes/momoa": ["@humanwhocodes/momoa@3.3.10", "", {}, "sha512-KWiFQpSAqEIyrTXko3hFNLeQvSK8zXlJQzhhxsyVn58WFRYXST99b3Nqnu+ttOtjds2Pl2grUHGpe2NzhPynuQ=="],

    "@inquirer/ansi": ["@inquirer/ansi@1.0.1", "", {}, "sha512-yqq0aJW/5XPhi5xOAL1xRCpe1eh8UFVgYFpFsjEqmIR8rKLyP+HINvFXwUaxYICflJrVlxnp7lLN6As735kVpw=="],

    "@inquirer/checkbox": ["@inquirer/checkbox@4.3.0", "", { "dependencies": { "@inquirer/ansi": "^1.0.1", "@inquirer/core": "^10.3.0", "@inquirer/figures": "^1.0.14", "@inquirer/type": "^3.0.9", "yoctocolors-cjs": "^2.1.2" }, "peerDependencies": { "@types/node": ">=18" } }, "sha512-5+Q3PKH35YsnoPTh75LucALdAxom6xh5D1oeY561x4cqBuH24ZFVyFREPe14xgnrtmGu3EEt1dIi60wRVSnGCw=="],

    "@inquirer/confirm": ["@inquirer/confirm@5.1.19", "", { "dependencies": { "@inquirer/core": "^10.3.0", "@inquirer/type": "^3.0.9" }, "peerDependencies": { "@types/node": ">=18" } }, "sha512-wQNz9cfcxrtEnUyG5PndC8g3gZ7lGDBzmWiXZkX8ot3vfZ+/BLjR8EvyGX4YzQLeVqtAlY/YScZpW7CW8qMoDQ=="],

    "@inquirer/core": ["@inquirer/core@10.3.0", "", { "dependencies": { "@inquirer/ansi": "^1.0.1", "@inquirer/figures": "^1.0.14", "@inquirer/type": "^3.0.9", "cli-width": "^4.1.0", "mute-stream": "^2.0.0", "signal-exit": "^4.1.0", "wrap-ansi": "^6.2.0", "yoctocolors-cjs": "^2.1.2" }, "peerDependencies": { "@types/node": ">=18" } }, "sha512-Uv2aPPPSK5jeCplQmQ9xadnFx2Zhj9b5Dj7bU6ZeCdDNNY11nhYy4btcSdtDguHqCT2h5oNeQTcUNSGGLA7NTA=="],

    "@inquirer/editor": ["@inquirer/editor@4.2.21", "", { "dependencies": { "@inquirer/core": "^10.3.0", "@inquirer/external-editor": "^1.0.2", "@inquirer/type": "^3.0.9" }, "peerDependencies": { "@types/node": ">=18" } }, "sha512-MjtjOGjr0Kh4BciaFShYpZ1s9400idOdvQ5D7u7lE6VztPFoyLcVNE5dXBmEEIQq5zi4B9h2kU+q7AVBxJMAkQ=="],

    "@inquirer/expand": ["@inquirer/expand@4.0.21", "", { "dependencies": { "@inquirer/core": "^10.3.0", "@inquirer/type": "^3.0.9", "yoctocolors-cjs": "^2.1.2" }, "peerDependencies": { "@types/node": ">=18" } }, "sha512-+mScLhIcbPFmuvU3tAGBed78XvYHSvCl6dBiYMlzCLhpr0bzGzd8tfivMMeqND6XZiaZ1tgusbUHJEfc6YzOdA=="],

    "@inquirer/external-editor": ["@inquirer/external-editor@1.0.2", "", { "dependencies": { "chardet": "^2.1.0", "iconv-lite": "^0.7.0" }, "peerDependencies": { "@types/node": ">=18" } }, "sha512-yy9cOoBnx58TlsPrIxauKIFQTiyH+0MK4e97y4sV9ERbI+zDxw7i2hxHLCIEGIE/8PPvDxGhgzIOTSOWcs6/MQ=="],

    "@inquirer/figures": ["@inquirer/figures@1.0.14", "", {}, "sha512-DbFgdt+9/OZYFM+19dbpXOSeAstPy884FPy1KjDu4anWwymZeOYhMY1mdFri172htv6mvc/uvIAAi7b7tvjJBQ=="],

    "@inquirer/input": ["@inquirer/input@4.2.5", "", { "dependencies": { "@inquirer/core": "^10.3.0", "@inquirer/type": "^3.0.9" }, "peerDependencies": { "@types/node": ">=18" } }, "sha512-7GoWev7P6s7t0oJbenH0eQ0ThNdDJbEAEtVt9vsrYZ9FulIokvd823yLyhQlWHJPGce1wzP53ttfdCZmonMHyA=="],

    "@inquirer/number": ["@inquirer/number@3.0.21", "", { "dependencies": { "@inquirer/core": "^10.3.0", "@inquirer/type": "^3.0.9" }, "peerDependencies": { "@types/node": ">=18" } }, "sha512-5QWs0KGaNMlhbdhOSCFfKsW+/dcAVC2g4wT/z2MCiZM47uLgatC5N20kpkDQf7dHx+XFct/MJvvNGy6aYJn4Pw=="],

    "@inquirer/password": ["@inquirer/password@4.0.21", "", { "dependencies": { "@inquirer/ansi": "^1.0.1", "@inquirer/core": "^10.3.0", "@inquirer/type": "^3.0.9" }, "peerDependencies": { "@types/node": ">=18" } }, "sha512-xxeW1V5SbNFNig2pLfetsDb0svWlKuhmr7MPJZMYuDnCTkpVBI+X/doudg4pznc1/U+yYmWFFOi4hNvGgUo7EA=="],

    "@inquirer/prompts": ["@inquirer/prompts@7.9.0", "", { "dependencies": { "@inquirer/checkbox": "^4.3.0", "@inquirer/confirm": "^5.1.19", "@inquirer/editor": "^4.2.21", "@inquirer/expand": "^4.0.21", "@inquirer/input": "^4.2.5", "@inquirer/number": "^3.0.21", "@inquirer/password": "^4.0.21", "@inquirer/rawlist": "^4.1.9", "@inquirer/search": "^3.2.0", "@inquirer/select": "^4.4.0" }, "peerDependencies": { "@types/node": ">=18" } }, "sha512-X7/+dG9SLpSzRkwgG5/xiIzW0oMrV3C0HOa7YHG1WnrLK+vCQHfte4k/T80059YBdei29RBC3s+pSMvPJDU9/A=="],

    "@inquirer/rawlist": ["@inquirer/rawlist@4.1.9", "", { "dependencies": { "@inquirer/core": "^10.3.0", "@inquirer/type": "^3.0.9", "yoctocolors-cjs": "^2.1.2" }, "peerDependencies": { "@types/node": ">=18" } }, "sha512-AWpxB7MuJrRiSfTKGJ7Y68imYt8P9N3Gaa7ySdkFj1iWjr6WfbGAhdZvw/UnhFXTHITJzxGUI9k8IX7akAEBCg=="],

    "@inquirer/search": ["@inquirer/search@3.2.0", "", { "dependencies": { "@inquirer/core": "^10.3.0", "@inquirer/figures": "^1.0.14", "@inquirer/type": "^3.0.9", "yoctocolors-cjs": "^2.1.2" }, "peerDependencies": { "@types/node": ">=18" } }, "sha512-a5SzB/qrXafDX1Z4AZW3CsVoiNxcIYCzYP7r9RzrfMpaLpB+yWi5U8BWagZyLmwR0pKbbL5umnGRd0RzGVI8bQ=="],

    "@inquirer/select": ["@inquirer/select@4.4.0", "", { "dependencies": { "@inquirer/ansi": "^1.0.1", "@inquirer/core": "^10.3.0", "@inquirer/figures": "^1.0.14", "@inquirer/type": "^3.0.9", "yoctocolors-cjs": "^2.1.2" }, "peerDependencies": { "@types/node": ">=18" } }, "sha512-kaC3FHsJZvVyIjYBs5Ih8y8Bj4P/QItQWrZW22WJax7zTN+ZPXVGuOM55vzbdCP9zKUiBd9iEJVdesujfF+cAA=="],

    "@inquirer/type": ["@inquirer/type@3.0.9", "", { "peerDependencies": { "@types/node": ">=18" } }, "sha512-QPaNt/nmE2bLGQa9b7wwyRJoLZ7pN6rcyXvzU0YCmivmJyq1BVo94G98tStRWkoD1RgDX5C+dPlhhHzNdu/W/w=="],

    "@isaacs/fs-minipass": ["@isaacs/fs-minipass@4.0.1", "", { "dependencies": { "minipass": "^7.0.4" } }, "sha512-wgm9Ehl2jpeqP3zw/7mo3kRHFp5MEDhqAdwy1fTGkHAwnkGOVsgpvQhL8B5n1qlb01jV3n/bI0ZfZp5lWA1k4w=="],

    "@jridgewell/gen-mapping": ["@jridgewell/gen-mapping@0.3.13", "", { "dependencies": { "@jridgewell/sourcemap-codec": "^1.5.0", "@jridgewell/trace-mapping": "^0.3.24" } }, "sha512-2kkt/7niJ6MgEPxF0bYdQ6etZaA+fQvDcLKckhy1yIQOzaoKjBBjSj63/aLVjYE3qhRt5dvM+uUyfCg6UKCBbA=="],

    "@jridgewell/resolve-uri": ["@jridgewell/resolve-uri@3.1.2", "", {}, "sha512-bRISgCIjP20/tbWSPWMEi54QVPRZExkuD9lJL+UIxUKtwVJA8wW1Trb1jMs1RFXo1CBTNZ/5hpC9QvmKWdopKw=="],

    "@jridgewell/source-map": ["@jridgewell/source-map@0.3.11", "", { "dependencies": { "@jridgewell/gen-mapping": "^0.3.5", "@jridgewell/trace-mapping": "^0.3.25" } }, "sha512-ZMp1V8ZFcPG5dIWnQLr3NSI1MiCU7UETdS/A0G8V/XWHvJv3ZsFqutJn1Y5RPmAPX6F3BiE397OqveU/9NCuIA=="],

    "@jridgewell/sourcemap-codec": ["@jridgewell/sourcemap-codec@1.5.5", "", {}, "sha512-cYQ9310grqxueWbl+WuIUIaiUaDcj7WOq5fVhEljNVgRfOUhY9fy2zTvfoqWsnebh8Sl70VScFbICvJnLKB0Og=="],

    "@jridgewell/trace-mapping": ["@jridgewell/trace-mapping@0.3.31", "", { "dependencies": { "@jridgewell/resolve-uri": "^3.1.0", "@jridgewell/sourcemap-codec": "^1.4.14" } }, "sha512-zzNR+SdQSDJzc8joaeP8QQoCQr8NuYx2dIIytl1QeBEZHJ9uW6hebsrYgbz8hJwUQao3TWCMtmfV8Nu1twOLAw=="],

    "@rollup/plugin-commonjs": ["@rollup/plugin-commonjs@28.0.9", "", { "dependencies": { "@rollup/pluginutils": "^5.0.1", "commondir": "^1.0.1", "estree-walker": "^2.0.2", "fdir": "^6.2.0", "is-reference": "1.2.1", "magic-string": "^0.30.3", "picomatch": "^4.0.2" }, "peerDependencies": { "rollup": "^2.68.0||^3.0.0||^4.0.0" } }, "sha512-PIR4/OHZ79romx0BVVll/PkwWpJ7e5lsqFa3gFfcrFPWwLXLV39JVUzQV9RKjWerE7B845Hqjj9VYlQeieZ2dA=="],

    "@rollup/plugin-node-resolve": ["@rollup/plugin-node-resolve@15.3.1", "", { "dependencies": { "@rollup/pluginutils": "^5.0.1", "@types/resolve": "1.20.2", "deepmerge": "^4.2.2", "is-module": "^1.0.0", "resolve": "^1.22.1" }, "peerDependencies": { "rollup": "^2.78.0||^3.0.0||^4.0.0" } }, "sha512-tgg6b91pAybXHJQMAAwW9VuWBO6Thi+q7BCNARLwSqlmsHz0XYURtGvh/AuwSADXSI4h/2uHbs7s4FzlZDGSGA=="],

    "@rollup/plugin-terser": ["@rollup/plugin-terser@0.4.4", "", { "dependencies": { "serialize-javascript": "^6.0.1", "smob": "^1.0.0", "terser": "^5.17.4" }, "peerDependencies": { "rollup": "^2.0.0||^3.0.0||^4.0.0" } }, "sha512-XHeJC5Bgvs8LfukDwWZp7yeqin6ns8RTl2B9avbejt6tZqsqvVoWI7ZTQrcNsfKEDWBTnTxM8nMDkO2IFFbd0A=="],

    "@rollup/plugin-typescript": ["@rollup/plugin-typescript@12.3.0", "", { "dependencies": { "@rollup/pluginutils": "^5.1.0", "resolve": "^1.22.1" }, "peerDependencies": { "rollup": "^2.14.0||^3.0.0||^4.0.0", "tslib": "*", "typescript": ">=3.7.0" } }, "sha512-7DP0/p7y3t67+NabT9f8oTBFE6gGkto4SA6Np2oudYmZE/m1dt8RB0SjL1msMxFpLo631qjRCcBlAbq1ml/Big=="],

    "@rollup/pluginutils": ["@rollup/pluginutils@5.3.0", "", { "dependencies": { "@types/estree": "^1.0.0", "estree-walker": "^2.0.2", "picomatch": "^4.0.2" }, "peerDependencies": { "rollup": "^1.20.0||^2.0.0||^3.0.0||^4.0.0" } }, "sha512-5EdhGZtnu3V88ces7s53hhfK5KSASnJZv8Lulpc04cWO3REESroJXg73DFsOmgbU2BhwV0E20bu2IDZb3VKW4Q=="],

    "@rollup/rollup-android-arm-eabi": ["@rollup/rollup-android-arm-eabi@4.53.1", "", { "os": "android", "cpu": "arm" }, "sha512-bxZtughE4VNVJlL1RdoSE545kc4JxL7op57KKoi59/gwuU5rV6jLWFXXc8jwgFoT6vtj+ZjO+Z2C5nrY0Cl6wA=="],

    "@rollup/rollup-android-arm64": ["@rollup/rollup-android-arm64@4.53.1", "", { "os": "android", "cpu": "arm64" }, "sha512-44a1hreb02cAAfAKmZfXVercPFaDjqXCK+iKeVOlJ9ltvnO6QqsBHgKVPTu+MJHSLLeMEUbeG2qiDYgbFPU48g=="],

    "@rollup/rollup-darwin-arm64": ["@rollup/rollup-darwin-arm64@4.53.1", "", { "os": "darwin", "cpu": "arm64" }, "sha512-usmzIgD0rf1syoOZ2WZvy8YpXK5G1V3btm3QZddoGSa6mOgfXWkkv+642bfUUldomgrbiLQGrPryb7DXLovPWQ=="],

    "@rollup/rollup-darwin-x64": ["@rollup/rollup-darwin-x64@4.53.1", "", { "os": "darwin", "cpu": "x64" }, "sha512-is3r/k4vig2Gt8mKtTlzzyaSQ+hd87kDxiN3uDSDwggJLUV56Umli6OoL+/YZa/KvtdrdyNfMKHzL/P4siOOmg=="],

    "@rollup/rollup-freebsd-arm64": ["@rollup/rollup-freebsd-arm64@4.53.1", "", { "os": "freebsd", "cpu": "arm64" }, "sha512-QJ1ksgp/bDJkZB4daldVmHaEQkG4r8PUXitCOC2WRmRaSaHx5RwPoI3DHVfXKwDkB+Sk6auFI/+JHacTekPRSw=="],

    "@rollup/rollup-freebsd-x64": ["@rollup/rollup-freebsd-x64@4.53.1", "", { "os": "freebsd", "cpu": "x64" }, "sha512-J6ma5xgAzvqsnU6a0+jgGX/gvoGokqpkx6zY4cWizRrm0ffhHDpJKQgC8dtDb3+MqfZDIqs64REbfHDMzxLMqQ=="],

    "@rollup/rollup-linux-arm-gnueabihf": ["@rollup/rollup-linux-arm-gnueabihf@4.53.1", "", { "os": "linux", "cpu": "arm" }, "sha512-JzWRR41o2U3/KMNKRuZNsDUAcAVUYhsPuMlx5RUldw0E4lvSIXFUwejtYz1HJXohUmqs/M6BBJAUBzKXZVddbg=="],

    "@rollup/rollup-linux-arm-musleabihf": ["@rollup/rollup-linux-arm-musleabihf@4.53.1", "", { "os": "linux", "cpu": "arm" }, "sha512-L8kRIrnfMrEoHLHtHn+4uYA52fiLDEDyezgxZtGUTiII/yb04Krq+vk3P2Try+Vya9LeCE9ZHU8CXD6J9EhzHQ=="],

    "@rollup/rollup-linux-arm64-gnu": ["@rollup/rollup-linux-arm64-gnu@4.53.1", "", { "os": "linux", "cpu": "arm64" }, "sha512-ysAc0MFRV+WtQ8li8hi3EoFi7us6d1UzaS/+Dp7FYZfg3NdDljGMoVyiIp6Ucz7uhlYDBZ/zt6XI0YEZbUO11Q=="],

    "@rollup/rollup-linux-arm64-musl": ["@rollup/rollup-linux-arm64-musl@4.53.1", "", { "os": "linux", "cpu": "arm64" }, "sha512-UV6l9MJpDbDZZ/fJvqNcvO1PcivGEf1AvKuTcHoLjVZVFeAMygnamCTDikCVMRnA+qJe+B3pSbgX2+lBMqgBhA=="],

    "@rollup/rollup-linux-loong64-gnu": ["@rollup/rollup-linux-loong64-gnu@4.53.1", "", { "os": "linux", "cpu": "none" }, "sha512-UDUtelEprkA85g95Q+nj3Xf0M4hHa4DiJ+3P3h4BuGliY4NReYYqwlc0Y8ICLjN4+uIgCEvaygYlpf0hUj90Yg=="],

    "@rollup/rollup-linux-ppc64-gnu": ["@rollup/rollup-linux-ppc64-gnu@4.53.1", "", { "os": "linux", "cpu": "ppc64" }, "sha512-vrRn+BYhEtNOte/zbc2wAUQReJXxEx2URfTol6OEfY2zFEUK92pkFBSXRylDM7aHi+YqEPJt9/ABYzmcrS4SgQ=="],

    "@rollup/rollup-linux-riscv64-gnu": ["@rollup/rollup-linux-riscv64-gnu@4.53.1", "", { "os": "linux", "cpu": "none" }, "sha512-gto/1CxHyi4A7YqZZNznQYrVlPSaodOBPKM+6xcDSCMVZN/Fzb4K+AIkNz/1yAYz9h3Ng+e2fY9H6bgawVq17w=="],

    "@rollup/rollup-linux-riscv64-musl": ["@rollup/rollup-linux-riscv64-musl@4.53.1", "", { "os": "linux", "cpu": "none" }, "sha512-KZ6Vx7jAw3aLNjFR8eYVcQVdFa/cvBzDNRFM3z7XhNNunWjA03eUrEwJYPk0G8V7Gs08IThFKcAPS4WY/ybIrQ=="],

    "@rollup/rollup-linux-s390x-gnu": ["@rollup/rollup-linux-s390x-gnu@4.53.1", "", { "os": "linux", "cpu": "s390x" }, "sha512-HvEixy2s/rWNgpwyKpXJcHmE7om1M89hxBTBi9Fs6zVuLU4gOrEMQNbNsN/tBVIMbLyysz/iwNiGtMOpLAOlvA=="],

    "@rollup/rollup-linux-x64-gnu": ["@rollup/rollup-linux-x64-gnu@4.53.1", "", { "os": "linux", "cpu": "x64" }, "sha512-E/n8x2MSjAQgjj9IixO4UeEUeqXLtiA7pyoXCFYLuXpBA/t2hnbIdxHfA7kK9BFsYAoNU4st1rHYdldl8dTqGA=="],

    "@rollup/rollup-linux-x64-musl": ["@rollup/rollup-linux-x64-musl@4.53.1", "", { "os": "linux", "cpu": "x64" }, "sha512-IhJ087PbLOQXCN6Ui/3FUkI9pWNZe/Z7rEIVOzMsOs1/HSAECCvSZ7PkIbkNqL/AZn6WbZvnoVZw/qwqYMo4/w=="],

    "@rollup/rollup-openharmony-arm64": ["@rollup/rollup-openharmony-arm64@4.53.1", "", { "os": "none", "cpu": "arm64" }, "sha512-0++oPNgLJHBblreu0SFM7b3mAsBJBTY0Ksrmu9N6ZVrPiTkRgda52mWR7TKhHAsUb9noCjFvAw9l6ZO1yzaVbA=="],

    "@rollup/rollup-win32-arm64-msvc": ["@rollup/rollup-win32-arm64-msvc@4.53.1", "", { "os": "win32", "cpu": "arm64" }, "sha512-VJXivz61c5uVdbmitLkDlbcTk9Or43YC2QVLRkqp86QoeFSqI81bNgjhttqhKNMKnQMWnecOCm7lZz4s+WLGpQ=="],

    "@rollup/rollup-win32-ia32-msvc": ["@rollup/rollup-win32-ia32-msvc@4.53.1", "", { "os": "win32", "cpu": "ia32" }, "sha512-NmZPVTUOitCXUH6erJDzTQ/jotYw4CnkMDjCYRxNHVD9bNyfrGoIse684F9okwzKCV4AIHRbUkeTBc9F2OOH5Q=="],

    "@rollup/rollup-win32-x64-gnu": ["@rollup/rollup-win32-x64-gnu@4.53.1", "", { "os": "win32", "cpu": "x64" }, "sha512-2SNj7COIdAf6yliSpLdLG8BEsp5lgzRehgfkP0Av8zKfQFKku6JcvbobvHASPJu4f3BFxej5g+HuQPvqPhHvpQ=="],

    "@rollup/rollup-win32-x64-msvc": ["@rollup/rollup-win32-x64-msvc@4.53.1", "", { "os": "win32", "cpu": "x64" }, "sha512-rLarc1Ofcs3DHtgSzFO31pZsCh8g05R2azN1q3fF+H423Co87My0R+tazOEvYVKXSLh8C4LerMK41/K7wlklcg=="],

    "@tsconfig/node20": ["@tsconfig/node20@20.1.6", "", {}, "sha512-sz+Hqx9zwZDpZIV871WSbUzSqNIsXzghZydypnfgzPKLltVJfkINfUeTct31n/tTSa9ZE1ZOfKdRre1uHHquYQ=="],

    "@types/estree": ["@types/estree@1.0.8", "", {}, "sha512-dWHzHa2WqEXI/O1E9OjrocMTKJl2mSrEolh1Iomrv6U+JuNwaHXsXx9bLu5gG7BUWFIN0skIQJQ/L1rIex4X6w=="],

    "@types/lodash": ["@types/lodash@4.17.20", "", {}, "sha512-H3MHACvFUEiujabxhaI/ImO6gUrd8oOurg7LQtS7mbwIXA/cUqWrvBsaeJ23aZEPk1TAYkurjfMbSELfoCXlGA=="],

    "@types/node": ["@types/node@20.15.0", "", { "dependencies": { "undici-types": "~6.13.0" } }, "sha512-eQf4OkH6gA9v1W0iEpht/neozCsZKMTK+C4cU6/fv7wtJCCL8LEQ4hie2Ln8ZP/0YYM2xGj7//f8xyqItkJ6QA=="],

    "@types/resolve": ["@types/resolve@1.20.2", "", {}, "sha512-60BCwRFOZCQhDncwQdxxeOEEkbc5dIMccYLwbxsS4TUNeVECQ/pBJ0j09mrHOl/JJvpRPGwO9SvE4nR2Nb/a4Q=="],

    "@zip.js/zip.js": ["@zip.js/zip.js@2.8.10", "", {}, "sha512-WVywWK8HSttmFFYSih7lUjjaV4zGzMxy992y0tHrZY4Wf9x/uNBA/XJ50RvfGjuuJKti4yueEHA2ol2pOq6VDg=="],

    "acorn": ["acorn@8.15.0", "", { "bin": "bin/acorn" }, "sha512-NZyJarBfL7nWwIq+FDL6Zp/yHEhePMNnnJ0y3qfieCrmNvYct8uvtiV41UvlSe6apAfk0fY1FbWx+NwfmpvtTg=="],

    "ajv": ["ajv@8.17.1", "", { "dependencies": { "fast-deep-equal": "^3.1.3", "fast-uri": "^3.0.1", "json-schema-traverse": "^1.0.0", "require-from-string": "^2.0.2" } }, "sha512-B/gBuNg5SiMTrPkC+A2+cW0RszwxYmn6VYxB/inlBStS5nx6xHIt/ehKRhIMhqusl7a8LjQoZnjCs5vhwxOQ1g=="],

    "ansi-regex": ["ansi-regex@5.0.1", "", {}, "sha512-quJQXlTSUGL2LH9SUXo8VwsY4soanhgo6LNSm84E1LBcE8s3O0wpdiRzyR9z/ZZJMlMWv37qOOb9pdJlMUEKFQ=="],

    "ansi-styles": ["ansi-styles@4.3.0", "", { "dependencies": { "color-convert": "^2.0.1" } }, "sha512-zbB9rCJAT1rbjiVDb2hqKFHNYLxgtk8NURxZ3IZwD3F6NtxbXZQCnnSi1Lkx+IDohdPlFp222wVALIheZJQSEg=="],

    "async": ["async@3.2.6", "", {}, "sha512-htCUDlxyyCLMgaM3xXg0C0LW2xqfuQ6p05pCEIsXuyQ+a1koYKTuBMzRNwmybfLgvJDMd0r1LTn4+E0Ti6C2AA=="],

    "balanced-match": ["balanced-match@1.0.2", "", {}, "sha512-3oSeUO0TMV67hN1AmbXsK4yaqU7tjiHlbxRDZOpH0KW9+CeX4bRAaX0Anxt0tx2MrpRpWwQaPwIlISEJhYU5Pw=="],

    "brace-expansion": ["brace-expansion@2.0.2", "", { "dependencies": { "balanced-match": "^1.0.0" } }, "sha512-Jt0vHyM+jmUBqojB7E1NIYadt0vI0Qxjxd2TErW94wDz+E2LAm5vKMXXwg6ZZBTHPuUlDgQHKXvjGBdfcF1ZDQ=="],

    "buffer-from": ["buffer-from@1.1.2", "", {}, "sha512-E+XQCRwSbaaiChtv6k6Dwgc+bx+Bs6vuKJHHl5kox/BaKbhiXzqQOwK4cO22yElGp2OCmjwVhT3HmxgyPGnJfQ=="],

    "chalk": ["chalk@5.6.2", "", {}, "sha512-7NzBL0rN6fMUW+f7A6Io4h40qQlG+xGmtMxfbnH/K7TAtt8JQWVQK+6g0UXKMeVJoyV5EkkNsErQ8pVD3bLHbA=="],

    "chardet": ["chardet@2.1.1", "", {}, "sha512-PsezH1rqdV9VvyNhxxOW32/d75r01NY7TQCmOqomRo15ZSOKbpTFVsfjghxo6JloQUCGnH4k1LGu0R4yCLlWQQ=="],

    "chownr": ["chownr@3.0.0", "", {}, "sha512-+IxzY9BZOQd/XuYPRmrvEVjF/nqj5kgT4kEq7VofrDoM1MxoRjEWkrCC3EtLi59TVawxTAn+orJwFQcrqEN1+g=="],

    "cli-width": ["cli-width@4.1.0", "", {}, "sha512-ouuZd4/dm2Sw5Gmqy6bGyNNNe1qt9RpmxveLSO7KcgsTnU7RXfsw+/bukWGo1abgBiMAic068rclZsO4IWmmxQ=="],

    "color-convert": ["color-convert@2.0.1", "", { "dependencies": { "color-name": "~1.1.4" } }, "sha512-RRECPsj7iu/xb5oKYcsFHSppFNnsj/52OVTRKb4zP5onXwVF3zVmmToNcOfGC+CRDpfK/U584fMg38ZHCaElKQ=="],

    "color-name": ["color-name@1.1.4", "", {}, "sha512-dOy+3AuW3a2wNbZHIuMZpTcgjGuLU/uBL/ubcZF9OXbDo8ff4O8yVp5Bf0efS8uEoYo5q4Fx7dY9OgQGXgAsQA=="],

    "commander": ["commander@13.1.0", "", {}, "sha512-/rFeCpNJQbhSZjGVwO9RFV3xPqbnERS8MmIQzCtD/zl6gpJuV/bMLuN92oG3F7d8oDEHHRrujSXNUr8fpjntKw=="],

    "commondir": ["commondir@1.0.1", "", {}, "sha512-W9pAhw0ja1Edb5GVdIF1mjZw/ASI0AlShXM83UUGe2DVr5TdAPEA1OA8m/g8zWp9x6On7gqufY+FatDbC3MDQg=="],

    "deepmerge": ["deepmerge@4.3.1", "", {}, "sha512-3sUqbMEc77XqpdNO7FRyRog+eW3ph+GYCbj+rK+uYyRMuwsVy0rMiVtPn+QJlKFvWP/1PYpapqYn0Me2knFn+A=="],

    "ejs": ["ejs@3.1.10", "", { "dependencies": { "jake": "^10.8.5" }, "bin": "bin/cli.js" }, "sha512-UeJmFfOrAQS8OJWPZ4qtgHyWExa088/MtK5UEyoJGFH67cDEXkZSviOiKRCZ4Xij0zxI3JECgYs3oKx+AizQBA=="],

    "emoji-regex": ["emoji-regex@8.0.0", "", {}, "sha512-MSjYzcWNOA0ewAHpz0MxpYFvwg6yjy1NG3xteoqz644VCo/RPgnr1/GGt+ic3iJTzQ8Eu3TdM14SawnVUmGE6A=="],

    "estree-walker": ["estree-walker@2.0.2", "", {}, "sha512-Rfkk/Mp/DL7JVje3u18FxFujQlTNR2q6QfMSMB7AvCBx91NGj/ba3kCfza0f6dVDbw7YlRf/nDrn7pQrCCyQ/w=="],

    "fast-deep-equal": ["fast-deep-equal@3.1.3", "", {}, "sha512-f3qQ9oQy9j2AhBe/H9VC91wLmKBCCU/gDOnKNAYG5hswO7BLKj09Hc5HYNz9cGI++xlpDCIgDaitVs03ATR84Q=="],

    "fast-uri": ["fast-uri@3.1.0", "", {}, "sha512-iPeeDKJSWf4IEOasVVrknXpaBV0IApz/gp7S2bb7Z4Lljbl2MGJRqInZiUrQwV16cpzw/D3S5j5Julj/gT52AA=="],

    "fdir": ["fdir@6.5.0", "", { "peerDependencies": { "picomatch": "^3 || ^4" } }, "sha512-tIbYtZbucOs0BRGqPJkshJUYdL+SDH7dVM8gjy+ERp3WAUjLEFJE+02kanyHtwjWOnwrKYBiwAmM0p4kLJAnXg=="],

    "filelist": ["filelist@1.0.4", "", { "dependencies": { "minimatch": "^5.0.1" } }, "sha512-w1cEuf3S+DrLCQL7ET6kz+gmlJdbq9J7yXCSjK/OZCPA+qEN1WyF4ZAf0YYJa4/shHJra2t/d/r8SV4Ji+x+8Q=="],

    "find-process": ["find-process@1.4.11", "", { "dependencies": { "chalk": "~4.1.2", "commander": "^12.1.0", "loglevel": "^1.9.2" }, "bin": "bin/find-process.js" }, "sha512-mAOh9gGk9WZ4ip5UjV0o6Vb4SrfnAmtsFNzkMRH9HQiFXVQnDyQFrSHTK5UoG6E+KV+s+cIznbtwpfN41l2nFA=="],

    "fsevents": ["fsevents@2.3.3", "", { "os": "darwin" }, "sha512-5xoDfX+fL7faATnagmWPpbFtwh/R77WmMMqqHGS65C3vvB0YHrgF+B1YmZ3441tMj5n63k0212XNoJwzlhffQw=="],

    "function-bind": ["function-bind@1.1.2", "", {}, "sha512-7XHNxH7qX9xG5mIwxkhumTox/MIRNcOgDrxWsMt2pAr23WHp6MrRlN7FBSFpCpr+oVO0F744iUgR82nJMfG2SA=="],

    "has-flag": ["has-flag@4.0.0", "", {}, "sha512-EykJT/Q1KjTWctppgIAgfSO0tKVuZUjhgMr17kqTumMl6Afv3EISleU7qZUzoXDFTAHTDC4NOoG/ZxU3EvlMPQ=="],

    "hasown": ["hasown@2.0.2", "", { "dependencies": { "function-bind": "^1.1.2" } }, "sha512-0hJU9SCPvmMzIBdZFqNPXWa6dqh7WdH0cII9y+CyS8rG3nL48Bclra9HmKhVVUHyPWNH5Y7xDwAB7bfgSjkUMQ=="],

    "iconv-lite": ["iconv-lite@0.7.0", "", { "dependencies": { "safer-buffer": ">= 2.1.2 < 3.0.0" } }, "sha512-cf6L2Ds3h57VVmkZe+Pn+5APsT7FpqJtEhhieDCvrE2MK5Qk9MyffgQyuxQTm6BChfeZNtcOLHp9IcWRVcIcBQ=="],

    "ignore": ["ignore@7.0.5", "", {}, "sha512-Hs59xBNfUIunMFgWAbGX5cq6893IbWg4KnrjbYwX3tx0ztorVgTDA6B2sxf8ejHJ4wz8BqGUMYlnzNBer5NvGg=="],

    "inquirer": ["inquirer@12.10.0", "", { "dependencies": { "@inquirer/ansi": "^1.0.1", "@inquirer/core": "^10.3.0", "@inquirer/prompts": "^7.9.0", "@inquirer/type": "^3.0.9", "mute-stream": "^2.0.0", "run-async": "^4.0.5", "rxjs": "^7.8.2" }, "peerDependencies": { "@types/node": ">=18" } }, "sha512-K/epfEnDBZj2Q3NMDcgXWZye3nhSPeoJnOh8lcKWrldw54UEZfS4EmAMsAsmVbl7qKi+vjAsy39Sz4fbgRMewg=="],

    "is-core-module": ["is-core-module@2.16.1", "", { "dependencies": { "hasown": "^2.0.2" } }, "sha512-UfoeMA6fIJ8wTYFEUjelnaGI67v6+N7qXJEvQuIGa99l4xsCruSYOVSQ0uPANn4dAzm8lkYPaKLrrijLq7x23w=="],

    "is-fullwidth-code-point": ["is-fullwidth-code-point@3.0.0", "", {}, "sha512-zymm5+u+sCsSWyD9qNaejV3DFvhCKclKdizYaJUuHA83RLjb7nSuGnddCHGv0hk+KY7BMAlsWeK4Ueg6EV6XQg=="],

    "is-interactive": ["is-interactive@2.0.0", "", {}, "sha512-qP1vozQRI+BMOPcjFzrjXuQvdak2pHNUMZoeG2eRbiSqyvbEf/wQtEOTOX1guk6E3t36RkaqiSt8A/6YElNxLQ=="],

    "is-module": ["is-module@1.0.0", "", {}, "sha512-51ypPSPCoTEIN9dy5Oy+h4pShgJmPCygKfyRCISBI+JoWT/2oJvK8QPxmwv7b/p239jXrm9M1mlQbyKJ5A152g=="],

    "is-reference": ["is-reference@1.2.1", "", { "dependencies": { "@types/estree": "*" } }, "sha512-U82MsXXiFIrjCK4otLT+o2NA2Cd2g5MLoOVXUZjIOhLurrRxpEXzI8O0KZHr3IjLvlAH1kTPYSuqer5T9ZVBKQ=="],

    "is-unicode-supported": ["is-unicode-supported@2.1.0", "", {}, "sha512-mE00Gnza5EEB3Ds0HfMyllZzbBrmLOX3vfWoj9A9PEnTfratQ/BcaJOuMhnkhjXvb2+FkY3VuHqtAGpTPmglFQ=="],

    "jake": ["jake@10.9.4", "", { "dependencies": { "async": "^3.2.6", "filelist": "^1.0.4", "picocolors": "^1.1.1" }, "bin": "bin/cli.js" }, "sha512-wpHYzhxiVQL+IV05BLE2Xn34zW1S223hvjtqk0+gsPrwd/8JNLXJgZZM/iPFsYc1xyphF+6M6EvdE5E9MBGkDA=="],

    "json-schema-traverse": ["json-schema-traverse@1.0.0", "", {}, "sha512-NM8/P9n3XjXhIZn1lLhkFaACTOURQXjWhV4BA/RnOv8xvgqtqpAX9IO4mRQxSx1Rlo4tqzeqb0sOlruaOy3dug=="],

    "lodash": ["lodash@4.17.21", "", {}, "sha512-v2kDEe57lecTulaDIuNTPy3Ry4gLGJ6Z1O3vE1krgXZNrsQ+LFTGHVxVjcXPs17LhbZVGedAJv8XZ1tvj5FvSg=="],

    "log-symbols": ["log-symbols@7.0.1", "", { "dependencies": { "is-unicode-supported": "^2.0.0", "yoctocolors": "^2.1.1" } }, "sha512-ja1E3yCr9i/0hmBVaM0bfwDjnGy8I/s6PP4DFp+yP+a+mrHO4Rm7DtmnqROTUkHIkqffC84YY7AeqX6oFk0WFg=="],

    "loglevel": ["loglevel@1.9.2", "", {}, "sha512-HgMmCqIJSAKqo68l0rS2AanEWfkxaZ5wNiEFb5ggm08lDs9Xl2KxBlX3PTcaD2chBM1gXAYf491/M2Rv8Jwayg=="],

    "magic-string": ["magic-string@0.30.21", "", { "dependencies": { "@jridgewell/sourcemap-codec": "^1.5.5" } }, "sha512-vd2F4YUyEXKGcLHoq+TEyCjxueSeHnFxyyjNp80yg0XV4vUhnDer/lvvlqM/arB5bXQN5K2/3oinyCRyx8T2CQ=="],

    "minimatch": ["minimatch@5.1.6", "", { "dependencies": { "brace-expansion": "^2.0.1" } }, "sha512-lKwV/1brpG6mBUFHtb7NUmtABCb2WZZmm2wNiOA5hAb8VdCS4B3dtMWyvcoViccwAW/COERjXLt0zP1zXUN26g=="],

    "minipass": ["minipass@7.1.2", "", {}, "sha512-qOOzS1cBTWYF4BH8fVePDBOO9iptMnGUEZwNc/cMWnTV2nVLZ7VoNWEPHkYczZA0pdoA7dl6e7FL659nX9S2aw=="],

    "minizlib": ["minizlib@3.1.0", "", { "dependencies": { "minipass": "^7.1.2" } }, "sha512-KZxYo1BUkWD2TVFLr0MQoM8vUUigWD3LlD83a/75BqC+4qE0Hb1Vo5v1FgcfaNXvfXzr+5EhQ6ing/CaBijTlw=="],

    "mute-stream": ["mute-stream@2.0.0", "", {}, "sha512-WWdIxpyjEn+FhQJQQv9aQAYlHoNVdzIzUySNV1gHUPDSdZJ3yZn7pAAbQcV7B56Mvu881q9FZV+0Vx2xC44VWA=="],

    "path-parse": ["path-parse@1.0.7", "", {}, "sha512-LDJzPVEEEPR+y48z93A0Ed0yXb8pAByGWo/k5YYdYgpY2/2EsOsksJrq7lOHxryrVOn1ejG6oAp8ahvOIQD8sw=="],

    "picocolors": ["picocolors@1.1.1", "", {}, "sha512-xceH2snhtb5M9liqDsmEw56le376mTZkEX/jEb/RxNFyegNul7eNslCXP9FDj/Lcu0X8KEyMceP2ntpaHrDEVA=="],

    "picomatch": ["picomatch@4.0.3", "", {}, "sha512-5gTmgEY/sqK6gFXLIsQNH19lWb4ebPDLA4SdLP7dsWkIXHWlG66oPuVvXSGFPppYZz8ZDZq0dYYrbHfBCVUb1Q=="],

    "rage-edit": ["rage-edit@1.2.0", "", {}, "sha512-0RspBRc2s6We4g7hRCvT5mu7YPEnfjvQK8Tt354a2uUNJCMC7MKLvo/1mLvHUCQ/zbP6siQyp5VRZN7UCpMFZg=="],

    "randombytes": ["randombytes@2.1.0", "", { "dependencies": { "safe-buffer": "^5.1.0" } }, "sha512-vYl3iOX+4CKUWuxGi9Ukhie6fsqXqS9FE2Zaic4tNFD2N2QQaXOMFbuKK4QmDHC0JO6B1Zp41J0LpT0oR68amQ=="],

    "require-from-string": ["require-from-string@2.0.2", "", {}, "sha512-Xf0nWe6RseziFMu+Ap9biiUbmplq6S9/p+7w7YXP/JBHhrUDDUhwa+vANyubuqfZWTveU//DYVGsDG7RKL/vEw=="],

    "resolve": ["resolve@1.22.11", "", { "dependencies": { "is-core-module": "^2.16.1", "path-parse": "^1.0.7", "supports-preserve-symlinks-flag": "^1.0.0" }, "bin": "bin/resolve" }, "sha512-RfqAvLnMl313r7c9oclB1HhUEAezcpLjz95wFH4LVuhk9JF/r22qmVP9AMmOU4vMX7Q8pN8jwNg/CSpdFnMjTQ=="],

    "rollup": ["rollup@4.53.1", "", { "dependencies": { "@types/estree": "1.0.8" }, "optionalDependencies": { "@rollup/rollup-android-arm-eabi": "4.53.1", "@rollup/rollup-android-arm64": "4.53.1", "@rollup/rollup-darwin-arm64": "4.53.1", "@rollup/rollup-darwin-x64": "4.53.1", "@rollup/rollup-freebsd-arm64": "4.53.1", "@rollup/rollup-freebsd-x64": "4.53.1", "@rollup/rollup-linux-arm-gnueabihf": "4.53.1", "@rollup/rollup-linux-arm-musleabihf": "4.53.1", "@rollup/rollup-linux-arm64-gnu": "4.53.1", "@rollup/rollup-linux-arm64-musl": "4.53.1", "@rollup/rollup-linux-loong64-gnu": "4.53.1", "@rollup/rollup-linux-ppc64-gnu": "4.53.1", "@rollup/rollup-linux-riscv64-gnu": "4.53.1", "@rollup/rollup-linux-riscv64-musl": "4.53.1", "@rollup/rollup-linux-s390x-gnu": "4.53.1", "@rollup/rollup-linux-x64-gnu": "4.53.1", "@rollup/rollup-linux-x64-musl": "4.53.1", "@rollup/rollup-openharmony-arm64": "4.53.1", "@rollup/rollup-win32-arm64-msvc": "4.53.1", "@rollup/rollup-win32-ia32-msvc": "4.53.1", "@rollup/rollup-win32-x64-gnu": "4.53.1", "@rollup/rollup-win32-x64-msvc": "4.53.1", "fsevents": "~2.3.2" }, "bin": "dist/bin/rollup" }, "sha512-n2I0V0lN3E9cxxMqBCT3opWOiQBzRN7UG60z/WDKqdX2zHUS/39lezBcsckZFsV6fUTSnfqI7kHf60jDAPGKug=="],

    "run-async": ["run-async@4.0.6", "", {}, "sha512-IoDlSLTs3Yq593mb3ZoKWKXMNu3UpObxhgA/Xuid5p4bbfi2jdY1Hj0m1K+0/tEuQTxIGMhQDqGjKb7RuxGpAQ=="],

    "rxjs": ["rxjs@7.8.2", "", { "dependencies": { "tslib": "^2.1.0" } }, "sha512-dhKf903U/PQZY6boNNtAGdWbG85WAbjT/1xYoZIC7FAY0yWapOBQVsVrDl58W86//e1VpMNBtRV4MaXfdMySFA=="],

    "safe-buffer": ["safe-buffer@5.2.1", "", {}, "sha512-rp3So07KcdmmKbGvgaNxQSJr7bGVSVk5S9Eq1F+ppbRo70+YeaDxkw5Dd8NPN+GD6bjnYm2VuPuCXmpuYvmCXQ=="],

    "safer-buffer": ["safer-buffer@2.1.2", "", {}, "sha512-YZo3K82SD7Riyi0E1EQPojLz7kpepnSQI9IyPbHHg1XXXevb5dJI7tpyN2ADxGcQbHG7vcyRHk0cbwqcQriUtg=="],

    "semver": ["semver@7.7.3", "", { "bin": "bin/semver.js" }, "sha512-SdsKMrI9TdgjdweUSR9MweHA4EJ8YxHn8DFaDisvhVlUOe4BF1tLD7GAj0lIqWVl+dPb/rExr0Btby5loQm20Q=="],

    "serialize-javascript": ["serialize-javascript@6.0.2", "", { "dependencies": { "randombytes": "^2.1.0" } }, "sha512-Saa1xPByTTq2gdeFZYLLo+RFE35NHZkAbqZeWNd3BpzppeVisAqpDjcp8dyf6uIvEqJRd46jemmyA4iFIeVk8g=="],

    "signal-exit": ["signal-exit@4.1.0", "", {}, "sha512-bzyZ1e88w9O1iNJbKnOlvYTrWPDl46O1bG0D3XInv+9tkPrxrN8jUUTiFlDkkmKWgn1M6CfIA13SuGqOa9Korw=="],

    "smob": ["smob@1.5.0", "", {}, "sha512-g6T+p7QO8npa+/hNx9ohv1E5pVCmWrVCUzUXJyLdMmftX6ER0oiWY/w9knEonLpnOp6b6FenKnMfR8gqwWdwig=="],

    "source-map": ["source-map@0.6.1", "", {}, "sha512-UjgapumWlbMhkBgzT7Ykc5YXUT46F0iKu8SGXq0bcwP5dz/h0Plj6enJqjz1Zbq2l5WaqYnrVbwWOWMyF3F47g=="],

    "source-map-support": ["source-map-support@0.5.21", "", { "dependencies": { "buffer-from": "^1.0.0", "source-map": "^0.6.0" } }, "sha512-uBHU3L3czsIyYXKX88fdrGovxdSCoTGDRZ6SYXtSRxLZUzHg5P/66Ht6uoUlHu9EZod+inXhKo3qQgwXUT/y1w=="],

    "string-width": ["string-width@4.2.3", "", { "dependencies": { "emoji-regex": "^8.0.0", "is-fullwidth-code-point": "^3.0.0", "strip-ansi": "^6.0.1" } }, "sha512-wKyQRQpjJ0sIp62ErSZdGsjMJWsap5oRNihHhu6G7JVO/9jIB6UyevL+tXuOqrng8j/cxKTWyWUwvSTriiZz/g=="],

    "strip-ansi": ["strip-ansi@6.0.1", "", { "dependencies": { "ansi-regex": "^5.0.1" } }, "sha512-Y38VPSHcqkFrCpFnQ9vuSXmquuv5oXOKpGeT6aGrr3o3Gc9AlVa6JBfUSOCnbxGGZF+/0ooI7KrPuUSztUdU5A=="],

    "supports-color": ["supports-color@7.2.0", "", { "dependencies": { "has-flag": "^4.0.0" } }, "sha512-qpCAvRl9stuOHveKsn7HncJRvv501qIacKzQlO/+Lwxc9+0q2wLyv4Dfvt80/DPn2pqOBsJdDiogXGR9+OvwRw=="],

    "supports-preserve-symlinks-flag": ["supports-preserve-symlinks-flag@1.0.0", "", {}, "sha512-ot0WnXS9fgdkgIcePe6RHNk1WA8+muPa6cSjeR3V8K27q9BB1rTE3R1p7Hv0z1ZyAc8s6Vvv8DIyWf681MAt0w=="],

    "tar": ["tar@7.5.2", "", { "dependencies": { "@isaacs/fs-minipass": "^4.0.0", "chownr": "^3.0.0", "minipass": "^7.1.2", "minizlib": "^3.1.0", "yallist": "^5.0.0" } }, "sha512-7NyxrTE4Anh8km8iEy7o0QYPs+0JKBTj5ZaqHg6B39erLg0qYXN3BijtShwbsNSvQ+LN75+KV+C4QR/f6Gwnpg=="],

    "terser": ["terser@5.44.1", "", { "dependencies": { "@jridgewell/source-map": "^0.3.3", "acorn": "^8.15.0", "commander": "^2.20.0", "source-map-support": "~0.5.20" }, "bin": "bin/terser" }, "sha512-t/R3R/n0MSwnnazuPpPNVO60LX0SKL45pyl9YlvxIdkH0Of7D5qM2EVe+yASRIlY5pZ73nclYJfNANGWPwFDZw=="],

    "tslib": ["tslib@2.8.1", "", {}, "sha512-oJFu94HQb+KVduSUQL7wnpmqnfmLsOA/nAh6b6EH0wCEoK0/mPeXU6c3wKDV83MkOuHPRHtSXKKU99IBazS/2w=="],

    "typescript": ["typescript@5.9.3", "", { "bin": { "tsc": "bin/tsc", "tsserver": "bin/tsserver" } }, "sha512-jl1vZzPDinLr9eUt3J/t7V6FgNEw9QjvBPdysz9KfQDD41fQrC2Y4vKQdiaUpFT4bXlb1RHhLpp8wtm6M5TgSw=="],

    "undici-types": ["undici-types@6.13.0", "", {}, "sha512-xtFJHudx8S2DSoujjMd1WeWvn7KKWFRESZTMeL1RptAYERu29D6jphMjjY+vn96jvN3kVPDNxU/E13VTaXj6jg=="],

    "wrap-ansi": ["wrap-ansi@6.2.0", "", { "dependencies": { "ansi-styles": "^4.0.0", "string-width": "^4.1.0", "strip-ansi": "^6.0.0" } }, "sha512-r6lPcBGxZXlIcymEu7InxDMhdW0KDxpLgoFLcguasxCaJ/SOIZwINatK9KY/tf+ZrlywOKU0UDj3ATXUBfxJXA=="],

    "ws": ["ws@8.18.3", "", { "peerDependencies": { "bufferutil": "^4.0.1", "utf-8-validate": ">=5.0.2" }, "optionalPeers": ["bufferutil", "utf-8-validate"] }, "sha512-PEIGCY5tSlUt50cqyMXfCzX+oOPqN0vuGqWzbcJ2xvnkzkq46oOpz7dQaTDBdfICb4N14+GARUDw2XV2N4tvzg=="],

    "yallist": ["yallist@5.0.0", "", {}, "sha512-YgvUTfwqyc7UXVMrB+SImsVYSmTS8X/tSrtdNZMImM+n7+QTriRXyXim0mBrTXNeqzVF0KWGgHPeiyViFFrNDw=="],

    "yoctocolors": ["yoctocolors@2.1.2", "", {}, "sha512-CzhO+pFNo8ajLM2d2IW/R93ipy99LWjtwblvC1RsoSUMZgyLbYFr221TnSNT7GjGdYui6P459mw9JH/g/zW2ug=="],

    "yoctocolors-cjs": ["yoctocolors-cjs@2.1.3", "", {}, "sha512-U/PBtDf35ff0D8X8D0jfdzHYEPFxAI7jJlxZXwCSez5M3190m+QobIfh+sWDWSHMCWWJN2AWamkegn6vr6YBTw=="],

    "find-process/chalk": ["chalk@4.1.2", "", { "dependencies": { "ansi-styles": "^4.1.0", "supports-color": "^7.1.0" } }, "sha512-oKnbhFyRIXpUuez8iBMmyEa4nbj4IOQyuhc/wy9kY7/WVPcwIO9VA668Pu8RkO7+0G76SLROeyw9CpQ061i4mA=="],

    "find-process/commander": ["commander@12.1.0", "", {}, "sha512-Vw8qHK3bZM9y/P10u3Vib8o/DdkvA2OtPtZvD871QKjy74Wj1WSKFILMPRPSdUSx5RFK1arlJzEtA4PkFgnbuA=="],

    "terser/commander": ["commander@2.20.3", "", {}, "sha512-GpVkmM8vF2vQUkj2LvZmD35JxeJOLCwJ9cUkugyk2nuhbv3+mJvpLYYt+0+USMxE+oj+ey/lJEnhZw75x/OMcQ=="],
  }
}
